
Microsoft Visual Studio Solution File, Format Version 12.00
# Visual Studio Version 16
VisualStudioVersion = 16.0.29201.188
MinimumVisualStudioVersion = 10.0.40219.1
Project("{2150E333-8FDC-42A3-9474-1A3956D46DE8}") = "1 - Presentation", "1 - Presentation", "{1CF06A94-EC6A-4717-A5F3-B5640A487531}"
EndProject
Project("{2150E333-8FDC-42A3-9474-1A3956D46DE8}") = "2 - Distributed Services", "2 - Distributed Services", "{5A5C85C1-2F43-4ECB-94E8-8593EBA454E8}"
EndProject
Project("{2150E333-8FDC-42A3-9474-1A3956D46DE8}") = "3 - Aplication", "3 - Aplication", "{6C79E054-4035-48FF-899D-520FEA3A6A3E}"
EndProject
Project("{2150E333-8FDC-42A3-9474-1A3956D46DE8}") = "4 - Domain", "4 - Domain", "{DFD300A6-5CC7-46E4-9776-775C36B5DD74}"
EndProject
Project("{2150E333-8FDC-42A3-9474-1A3956D46DE8}") = "5 - Infraestructure", "5 - Infraestructure", "{55258313-83D4-44F7-A01C-9B10429F6393}"
EndProject
Project("{FAE04EC0-301F-11D3-BF4B-00C04F79EFBC}") = "ITBCP.ServiceSIGES.Infraestructure.DataAcces", "ITBCP.ServiceSIGES.Infraestructure.DataAcces\ITBCP.ServiceSIGES.Infraestructure.DataAcces.csproj", "{DCC2DACB-CF8F-4587-99E3-A7CA11BF5ABD}"
EndProject
Project("{FAE04EC0-301F-11D3-BF4B-00C04F79EFBC}") = "ITBCP.ServiceSIGES.Infraestructure.IoC", "ITBCP.ServiceSIGES.Infraestructure.IoC\ITBCP.ServiceSIGES.Infraestructure.IoC.csproj", "{E5F4950B-C07B-4A3A-AB9B-6FF66E6092AF}"
EndProject
Project("{FAE04EC0-301F-11D3-BF4B-00C04F79EFBC}") = "ITBCP.ServiceSIGES.Domain", "ITBCP.ServiceSIGES.Domain\ITBCP.ServiceSIGES.Domain.csproj", "{FDDB5837-804F-4F68-82BF-3DFC5722E02F}"
EndProject
Project("{FAE04EC0-301F-11D3-BF4B-00C04F79EFBC}") = "ITBCP.ServiceSIGES.Domain.Entities", "ITBCP.ServiceSIGES.Domain.Entities\ITBCP.ServiceSIGES.Domain.Entities.csproj", "{5EF3204A-D00C-4FC0-8CDB-F1E5C4C7366C}"
EndProject
Project("{FAE04EC0-301F-11D3-BF4B-00C04F79EFBC}") = "ITBCP.ServiceSIGES.Aplication", "ITBCP.ServiceSIGES.Aplication\ITBCP.ServiceSIGES.Aplication.csproj", "{1755AAA0-CF0A-401A-B0FF-134EAD6F53CA}"
EndProject
Project("{FAE04EC0-301F-11D3-BF4B-00C04F79EFBC}") = "ITBCP.ServiceSIGES.Services.Services", "ITBCP.ServiceSIGES.Services.Services\ITBCP.ServiceSIGES.Services.Services.csproj", "{EC717366-AA89-4584-B40A-6BB3D0379A23}"
EndProject
Project("{FAE04EC0-301F-11D3-BF4B-00C04F79EFBC}") = "ITBCP.ServiceSIGES.Services.Interfaces", "ITBCP.ServiceSIGES.Services.Interfaces\ITBCP.ServiceSIGES.Services.Interfaces.csproj", "{534D8316-5621-4A89-B0B1-BF5927954F8A}"
EndProject
Project("{FAE04EC0-301F-11D3-BF4B-00C04F79EFBC}") = "ITBCP.ServiceSIGES.Services.Host", "ITBCP.ServiceSIGES.Services.Host\ITBCP.ServiceSIGES.Services.Host.csproj", "{85E77C98-0E35-4550-BBD8-D8F490104304}"
EndProject
Project("{FAE04EC0-301F-11D3-BF4B-00C04F79EFBC}") = "ITBCP.ServiceSIGES.Presentation.AgentServices", "ITBCP.ServiceSIGES.Presentation.AgentServices\ITBCP.ServiceSIGES.Presentation.AgentServices.csproj", "{EC4DED96-8062-4B0B-8A0A-F6051D210054}"
EndProject
Project("{FAE04EC0-301F-11D3-BF4B-00C04F79EFBC}") = "ITBCP.ServiceSIGES.Aplication.Test", "ITBCP.ServiceSIGES.Aplication.Test\ITBCP.ServiceSIGES.Aplication.Test.csproj", "{0EDC8DDF-8380-4F3F-A188-462D2BF24A78}"
	ProjectSection(ProjectDependencies) = postProject
		{85E77C98-0E35-4550-BBD8-D8F490104304} = {85E77C98-0E35-4550-BBD8-D8F490104304}
	EndProjectSection
EndProject
Project("{FAE04EC0-301F-11D3-BF4B-00C04F79EFBC}") = "ITBCP.ServiceSIGES.Aplication.Interfaces", "ITBCP.ServiceSIGES.Aplication.Interfaces\ITBCP.ServiceSIGES.Aplication.Interfaces.csproj", "{E8FEC3EC-8E48-42B1-8F63-CD1D399595D2}"
EndProject
Project("{FAE04EC0-301F-11D3-BF4B-00C04F79EFBC}") = "ITBCP.ServiceSIGES.Services.HRest", "ITBCP.ServiceSIGES.Services.HRest\ITBCP.ServiceSIGES.Services.HRest.csproj", "{43792F2C-9B99-4900-BD82-53EC3660370A}"
EndProject
Global
	GlobalSection(SolutionConfigurationPlatforms) = preSolution
		Debug|Any CPU = Debug|Any CPU
		Debug|x64 = Debug|x64
		Release|Any CPU = Release|Any CPU
		Release|x64 = Release|x64
	EndGlobalSection
	GlobalSection(ProjectConfigurationPlatforms) = postSolution
		{DCC2DACB-CF8F-4587-99E3-A7CA11BF5ABD}.Debug|Any CPU.ActiveCfg = Debug|Any CPU
		{DCC2DACB-CF8F-4587-99E3-A7CA11BF5ABD}.Debug|Any CPU.Build.0 = Debug|Any CPU
		{DCC2DACB-CF8F-4587-99E3-A7CA11BF5ABD}.Debug|x64.ActiveCfg = Debug|Any CPU
		{DCC2DACB-CF8F-4587-99E3-A7CA11BF5ABD}.Debug|x64.Build.0 = Debug|Any CPU
		{DCC2DACB-CF8F-4587-99E3-A7CA11BF5ABD}.Release|Any CPU.ActiveCfg = Release|Any CPU
		{DCC2DACB-CF8F-4587-99E3-A7CA11BF5ABD}.Release|Any CPU.Build.0 = Release|Any CPU
		{DCC2DACB-CF8F-4587-99E3-A7CA11BF5ABD}.Release|x64.ActiveCfg = Release|Any CPU
		{DCC2DACB-CF8F-4587-99E3-A7CA11BF5ABD}.Release|x64.Build.0 = Release|Any CPU
		{E5F4950B-C07B-4A3A-AB9B-6FF66E6092AF}.Debug|Any CPU.ActiveCfg = Debug|Any CPU
		{E5F4950B-C07B-4A3A-AB9B-6FF66E6092AF}.Debug|Any CPU.Build.0 = Debug|Any CPU
		{E5F4950B-C07B-4A3A-AB9B-6FF66E6092AF}.Debug|x64.ActiveCfg = Debug|Any CPU
		{E5F4950B-C07B-4A3A-AB9B-6FF66E6092AF}.Debug|x64.Build.0 = Debug|Any CPU
		{E5F4950B-C07B-4A3A-AB9B-6FF66E6092AF}.Release|Any CPU.ActiveCfg = Release|Any CPU
		{E5F4950B-C07B-4A3A-AB9B-6FF66E6092AF}.Release|Any CPU.Build.0 = Release|Any CPU
		{E5F4950B-C07B-4A3A-AB9B-6FF66E6092AF}.Release|x64.ActiveCfg = Release|Any CPU
		{E5F4950B-C07B-4A3A-AB9B-6FF66E6092AF}.Release|x64.Build.0 = Release|Any CPU
		{FDDB5837-804F-4F68-82BF-3DFC5722E02F}.Debug|Any CPU.ActiveCfg = Debug|Any CPU
		{FDDB5837-804F-4F68-82BF-3DFC5722E02F}.Debug|Any CPU.Build.0 = Debug|Any CPU
		{FDDB5837-804F-4F68-82BF-3DFC5722E02F}.Debug|x64.ActiveCfg = Debug|Any CPU
		{FDDB5837-804F-4F68-82BF-3DFC5722E02F}.Debug|x64.Build.0 = Debug|Any CPU
		{FDDB5837-804F-4F68-82BF-3DFC5722E02F}.Release|Any CPU.ActiveCfg = Release|Any CPU
		{FDDB5837-804F-4F68-82BF-3DFC5722E02F}.Release|Any CPU.Build.0 = Release|Any CPU
		{FDDB5837-804F-4F68-82BF-3DFC5722E02F}.Release|x64.ActiveCfg = Release|Any CPU
		{FDDB5837-804F-4F68-82BF-3DFC5722E02F}.Release|x64.Build.0 = Release|Any CPU
		{5EF3204A-D00C-4FC0-8CDB-F1E5C4C7366C}.Debug|Any CPU.ActiveCfg = Debug|Any CPU
		{5EF3204A-D00C-4FC0-8CDB-F1E5C4C7366C}.Debug|Any CPU.Build.0 = Debug|Any CPU
		{5EF3204A-D00C-4FC0-8CDB-F1E5C4C7366C}.Debug|x64.ActiveCfg = Debug|Any CPU
		{5EF3204A-D00C-4FC0-8CDB-F1E5C4C7366C}.Debug|x64.Build.0 = Debug|Any CPU
		{5EF3204A-D00C-4FC0-8CDB-F1E5C4C7366C}.Release|Any CPU.ActiveCfg = Release|Any CPU
		{5EF3204A-D00C-4FC0-8CDB-F1E5C4C7366C}.Release|Any CPU.Build.0 = Release|Any CPU
		{5EF3204A-D00C-4FC0-8CDB-F1E5C4C7366C}.Release|x64.ActiveCfg = Release|Any CPU
		{5EF3204A-D00C-4FC0-8CDB-F1E5C4C7366C}.Release|x64.Build.0 = Release|Any CPU
		{1755AAA0-CF0A-401A-B0FF-134EAD6F53CA}.Debug|Any CPU.ActiveCfg = Debug|Any CPU
		{1755AAA0-CF0A-401A-B0FF-134EAD6F53CA}.Debug|Any CPU.Build.0 = Debug|Any CPU
		{1755AAA0-CF0A-401A-B0FF-134EAD6F53CA}.Debug|x64.ActiveCfg = Debug|Any CPU
		{1755AAA0-CF0A-401A-B0FF-134EAD6F53CA}.Debug|x64.Build.0 = Debug|Any CPU
		{1755AAA0-CF0A-401A-B0FF-134EAD6F53CA}.Release|Any CPU.ActiveCfg = Release|Any CPU
		{1755AAA0-CF0A-401A-B0FF-134EAD6F53CA}.Release|Any CPU.Build.0 = Release|Any CPU
		{1755AAA0-CF0A-401A-B0FF-134EAD6F53CA}.Release|x64.ActiveCfg = Release|Any CPU
		{1755AAA0-CF0A-401A-B0FF-134EAD6F53CA}.Release|x64.Build.0 = Release|Any CPU
		{EC717366-AA89-4584-B40A-6BB3D0379A23}.Debug|Any CPU.ActiveCfg = Debug|Any CPU
		{EC717366-AA89-4584-B40A-6BB3D0379A23}.Debug|Any CPU.Build.0 = Debug|Any CPU
		{EC717366-AA89-4584-B40A-6BB3D0379A23}.Debug|x64.ActiveCfg = Debug|Any CPU
		{EC717366-AA89-4584-B40A-6BB3D0379A23}.Debug|x64.Build.0 = Debug|Any CPU
		{EC717366-AA89-4584-B40A-6BB3D0379A23}.Release|Any CPU.ActiveCfg = Release|Any CPU
		{EC717366-AA89-4584-B40A-6BB3D0379A23}.Release|Any CPU.Build.0 = Release|Any CPU
		{EC717366-AA89-4584-B40A-6BB3D0379A23}.Release|x64.ActiveCfg = Release|Any CPU
		{EC717366-AA89-4584-B40A-6BB3D0379A23}.Release|x64.Build.0 = Release|Any CPU
		{534D8316-5621-4A89-B0B1-BF5927954F8A}.Debug|Any CPU.ActiveCfg = Debug|Any CPU
		{534D8316-5621-4A89-B0B1-BF5927954F8A}.Debug|Any CPU.Build.0 = Debug|Any CPU
		{534D8316-5621-4A89-B0B1-BF5927954F8A}.Debug|x64.ActiveCfg = Debug|Any CPU
		{534D8316-5621-4A89-B0B1-BF5927954F8A}.Debug|x64.Build.0 = Debug|Any CPU
		{534D8316-5621-4A89-B0B1-BF5927954F8A}.Release|Any CPU.ActiveCfg = Release|Any CPU
		{534D8316-5621-4A89-B0B1-BF5927954F8A}.Release|Any CPU.Build.0 = Release|Any CPU
		{534D8316-5621-4A89-B0B1-BF5927954F8A}.Release|x64.ActiveCfg = Release|Any CPU
		{534D8316-5621-4A89-B0B1-BF5927954F8A}.Release|x64.Build.0 = Release|Any CPU
		{85E77C98-0E35-4550-BBD8-D8F490104304}.Debug|Any CPU.ActiveCfg = Debug|Any CPU
		{85E77C98-0E35-4550-BBD8-D8F490104304}.Debug|Any CPU.Build.0 = Debug|Any CPU
		{85E77C98-0E35-4550-BBD8-D8F490104304}.Debug|x64.ActiveCfg = Debug|Any CPU
		{85E77C98-0E35-4550-BBD8-D8F490104304}.Debug|x64.Build.0 = Debug|Any CPU
		{85E77C98-0E35-4550-BBD8-D8F490104304}.Release|Any CPU.ActiveCfg = Release|Any CPU
		{85E77C98-0E35-4550-BBD8-D8F490104304}.Release|Any CPU.Build.0 = Release|Any CPU
		{85E77C98-0E35-4550-BBD8-D8F490104304}.Release|x64.ActiveCfg = Release|Any CPU
		{85E77C98-0E35-4550-BBD8-D8F490104304}.Release|x64.Build.0 = Release|Any CPU
		{EC4DED96-8062-4B0B-8A0A-F6051D210054}.Debug|Any CPU.ActiveCfg = Debug|Any CPU
		{EC4DED96-8062-4B0B-8A0A-F6051D210054}.Debug|Any CPU.Build.0 = Debug|Any CPU
		{EC4DED96-8062-4B0B-8A0A-F6051D210054}.Debug|x64.ActiveCfg = Debug|Any CPU
		{EC4DED96-8062-4B0B-8A0A-F6051D210054}.Debug|x64.Build.0 = Debug|Any CPU
		{EC4DED96-8062-4B0B-8A0A-F6051D210054}.Release|Any CPU.ActiveCfg = Release|Any CPU
		{EC4DED96-8062-4B0B-8A0A-F6051D210054}.Release|Any CPU.Build.0 = Release|Any CPU
		{EC4DED96-8062-4B0B-8A0A-F6051D210054}.Release|x64.ActiveCfg = Release|Any CPU
		{EC4DED96-8062-4B0B-8A0A-F6051D210054}.Release|x64.Build.0 = Release|Any CPU
		{0EDC8DDF-8380-4F3F-A188-462D2BF24A78}.Debug|Any CPU.ActiveCfg = Debug|Any CPU
		{0EDC8DDF-8380-4F3F-A188-462D2BF24A78}.Debug|Any CPU.Build.0 = Debug|Any CPU
		{0EDC8DDF-8380-4F3F-A188-462D2BF24A78}.Debug|x64.ActiveCfg = Debug|Any CPU
		{0EDC8DDF-8380-4F3F-A188-462D2BF24A78}.Debug|x64.Build.0 = Debug|Any CPU
		{0EDC8DDF-8380-4F3F-A188-462D2BF24A78}.Release|Any CPU.ActiveCfg = Release|Any CPU
		{0EDC8DDF-8380-4F3F-A188-462D2BF24A78}.Release|Any CPU.Build.0 = Release|Any CPU
		{0EDC8DDF-8380-4F3F-A188-462D2BF24A78}.Release|x64.ActiveCfg = Release|Any CPU
		{0EDC8DDF-8380-4F3F-A188-462D2BF24A78}.Release|x64.Build.0 = Release|Any CPU
		{E8FEC3EC-8E48-42B1-8F63-CD1D399595D2}.Debug|Any CPU.ActiveCfg = Debug|Any CPU
		{E8FEC3EC-8E48-42B1-8F63-CD1D399595D2}.Debug|Any CPU.Build.0 = Debug|Any CPU
		{E8FEC3EC-8E48-42B1-8F63-CD1D399595D2}.Debug|x64.ActiveCfg = Debug|Any CPU
		{E8FEC3EC-8E48-42B1-8F63-CD1D399595D2}.Debug|x64.Build.0 = Debug|Any CPU
		{E8FEC3EC-8E48-42B1-8F63-CD1D399595D2}.Release|Any CPU.ActiveCfg = Release|Any CPU
		{E8FEC3EC-8E48-42B1-8F63-CD1D399595D2}.Release|Any CPU.Build.0 = Release|Any CPU
		{E8FEC3EC-8E48-42B1-8F63-CD1D399595D2}.Release|x64.ActiveCfg = Release|Any CPU
		{E8FEC3EC-8E48-42B1-8F63-CD1D399595D2}.Release|x64.Build.0 = Release|Any CPU
		{43792F2C-9B99-4900-BD82-53EC3660370A}.Debug|Any CPU.ActiveCfg = Debug|Any CPU
		{43792F2C-9B99-4900-BD82-53EC3660370A}.Debug|Any CPU.Build.0 = Debug|Any CPU
		{43792F2C-9B99-4900-BD82-53EC3660370A}.Debug|x64.ActiveCfg = Debug|x64
		{43792F2C-9B99-4900-BD82-53EC3660370A}.Debug|x64.Build.0 = Debug|x64
		{43792F2C-9B99-4900-BD82-53EC3660370A}.Release|Any CPU.ActiveCfg = Release|Any CPU
		{43792F2C-9B99-4900-BD82-53EC3660370A}.Release|Any CPU.Build.0 = Release|Any CPU
		{43792F2C-9B99-4900-BD82-53EC3660370A}.Release|x64.ActiveCfg = Release|x64
		{43792F2C-9B99-4900-BD82-53EC3660370A}.Release|x64.Build.0 = Release|x64
	EndGlobalSection
	GlobalSection(SolutionProperties) = preSolution
		HideSolutionNode = FALSE
	EndGlobalSection
	GlobalSection(NestedProjects) = preSolution
		{DCC2DACB-CF8F-4587-99E3-A7CA11BF5ABD} = {55258313-83D4-44F7-A01C-9B10429F6393}
		{E5F4950B-C07B-4A3A-AB9B-6FF66E6092AF} = {55258313-83D4-44F7-A01C-9B10429F6393}
		{FDDB5837-804F-4F68-82BF-3DFC5722E02F} = {DFD300A6-5CC7-46E4-9776-775C36B5DD74}
		{5EF3204A-D00C-4FC0-8CDB-F1E5C4C7366C} = {DFD300A6-5CC7-46E4-9776-775C36B5DD74}
		{1755AAA0-CF0A-401A-B0FF-134EAD6F53CA} = {6C79E054-4035-48FF-899D-520FEA3A6A3E}
		{EC717366-AA89-4584-B40A-6BB3D0379A23} = {5A5C85C1-2F43-4ECB-94E8-8593EBA454E8}
		{534D8316-5621-4A89-B0B1-BF5927954F8A} = {5A5C85C1-2F43-4ECB-94E8-8593EBA454E8}
		{85E77C98-0E35-4550-BBD8-D8F490104304} = {5A5C85C1-2F43-4ECB-94E8-8593EBA454E8}
		{EC4DED96-8062-4B0B-8A0A-F6051D210054} = {1CF06A94-EC6A-4717-A5F3-B5640A487531}
		{0EDC8DDF-8380-4F3F-A188-462D2BF24A78} = {1CF06A94-EC6A-4717-A5F3-B5640A487531}
		{E8FEC3EC-8E48-42B1-8F63-CD1D399595D2} = {6C79E054-4035-48FF-899D-520FEA3A6A3E}
		{43792F2C-9B99-4900-BD82-53EC3660370A} = {5A5C85C1-2F43-4ECB-94E8-8593EBA454E8}
	EndGlobalSection
	GlobalSection(ExtensibilityGlobals) = postSolution
		SolutionGuid = {9E92F82D-8F9B-4BC9-89EC-BD125ED61925}
	EndGlobalSection
EndGlobal
