
Microsoft Visual Studio Solution File, Format Version 12.00
# Visual Studio Version 16
VisualStudioVersion = 16.0.29324.140
MinimumVisualStudioVersion = 10.0.40219.1
Project("{FAE04EC0-301F-11D3-BF4B-00C04F79EFBC}") = "TerminalSiges.Android", "TerminalSiges\TerminalSiges.Android\TerminalSiges.Android.csproj", "{774E25CB-72EE-4345-A451-07D140521AB1}"
EndProject
Project("{D954291E-2A0B-460D-934E-DC6B0785DB48}") = "TerminalSiges", "TerminalSiges\TerminalSiges\TerminalSiges.shproj", "{F75259D9-E8DF-426D-BD39-08C89C3D03D2}"
EndProject
Global
	GlobalSection(SharedMSBuildProjectFiles) = preSolution
		TerminalSiges\TerminalSiges\TerminalSiges.projitems*{774e25cb-72ee-4345-a451-07d140521ab1}*SharedItemsImports = 4
		TerminalSiges\TerminalSiges\TerminalSiges.projitems*{f75259d9-e8df-426d-bd39-08c89c3d03d2}*SharedItemsImports = 13
	EndGlobalSection
	GlobalSection(SolutionConfigurationPlatforms) = preSolution
		Ad-Hoc|Any CPU = Ad-Hoc|Any CPU
		Ad-Hoc|iPhone = Ad-Hoc|iPhone
		Ad-Hoc|iPhoneSimulator = Ad-Hoc|iPhoneSimulator
		AppStore|Any CPU = AppStore|Any CPU
		AppStore|iPhone = AppStore|iPhone
		AppStore|iPhoneSimulator = AppStore|iPhoneSimulator
		Debug|Any CPU = Debug|Any CPU
		Debug|iPhone = Debug|iPhone
		Debug|iPhoneSimulator = Debug|iPhoneSimulator
		Release|Any CPU = Release|Any CPU
		Release|iPhone = Release|iPhone
		Release|iPhoneSimulator = Release|iPhoneSimulator
	EndGlobalSection
	GlobalSection(ProjectConfigurationPlatforms) = postSolution
		{774E25CB-72EE-4345-A451-07D140521AB1}.Ad-Hoc|Any CPU.ActiveCfg = Release|Any CPU
		{774E25CB-72EE-4345-A451-07D140521AB1}.Ad-Hoc|Any CPU.Build.0 = Release|Any CPU
		{774E25CB-72EE-4345-A451-07D140521AB1}.Ad-Hoc|Any CPU.Deploy.0 = Release|Any CPU
		{774E25CB-72EE-4345-A451-07D140521AB1}.Ad-Hoc|iPhone.ActiveCfg = Release|Any CPU
		{774E25CB-72EE-4345-A451-07D140521AB1}.Ad-Hoc|iPhone.Build.0 = Release|Any CPU
		{774E25CB-72EE-4345-A451-07D140521AB1}.Ad-Hoc|iPhone.Deploy.0 = Release|Any CPU
		{774E25CB-72EE-4345-A451-07D140521AB1}.Ad-Hoc|iPhoneSimulator.ActiveCfg = Release|Any CPU
		{774E25CB-72EE-4345-A451-07D140521AB1}.Ad-Hoc|iPhoneSimulator.Build.0 = Release|Any CPU
		{774E25CB-72EE-4345-A451-07D140521AB1}.Ad-Hoc|iPhoneSimulator.Deploy.0 = Release|Any CPU
		{774E25CB-72EE-4345-A451-07D140521AB1}.AppStore|Any CPU.ActiveCfg = Release|Any CPU
		{774E25CB-72EE-4345-A451-07D140521AB1}.AppStore|Any CPU.Build.0 = Release|Any CPU
		{774E25CB-72EE-4345-A451-07D140521AB1}.AppStore|Any CPU.Deploy.0 = Release|Any CPU
		{774E25CB-72EE-4345-A451-07D140521AB1}.AppStore|iPhone.ActiveCfg = Release|Any CPU
		{774E25CB-72EE-4345-A451-07D140521AB1}.AppStore|iPhone.Build.0 = Release|Any CPU
		{774E25CB-72EE-4345-A451-07D140521AB1}.AppStore|iPhone.Deploy.0 = Release|Any CPU
		{774E25CB-72EE-4345-A451-07D140521AB1}.AppStore|iPhoneSimulator.ActiveCfg = Release|Any CPU
		{774E25CB-72EE-4345-A451-07D140521AB1}.AppStore|iPhoneSimulator.Build.0 = Release|Any CPU
		{774E25CB-72EE-4345-A451-07D140521AB1}.AppStore|iPhoneSimulator.Deploy.0 = Release|Any CPU
		{774E25CB-72EE-4345-A451-07D140521AB1}.Debug|Any CPU.ActiveCfg = Debug|Any CPU
		{774E25CB-72EE-4345-A451-07D140521AB1}.Debug|Any CPU.Build.0 = Debug|Any CPU
		{774E25CB-72EE-4345-A451-07D140521AB1}.Debug|Any CPU.Deploy.0 = Debug|Any CPU
		{774E25CB-72EE-4345-A451-07D140521AB1}.Debug|iPhone.ActiveCfg = Debug|Any CPU
		{774E25CB-72EE-4345-A451-07D140521AB1}.Debug|iPhone.Build.0 = Debug|Any CPU
		{774E25CB-72EE-4345-A451-07D140521AB1}.Debug|iPhone.Deploy.0 = Debug|Any CPU
		{774E25CB-72EE-4345-A451-07D140521AB1}.Debug|iPhoneSimulator.ActiveCfg = Debug|Any CPU
		{774E25CB-72EE-4345-A451-07D140521AB1}.Debug|iPhoneSimulator.Build.0 = Debug|Any CPU
		{774E25CB-72EE-4345-A451-07D140521AB1}.Debug|iPhoneSimulator.Deploy.0 = Debug|Any CPU
		{774E25CB-72EE-4345-A451-07D140521AB1}.Release|Any CPU.ActiveCfg = Release|Any CPU
		{774E25CB-72EE-4345-A451-07D140521AB1}.Release|Any CPU.Build.0 = Release|Any CPU
		{774E25CB-72EE-4345-A451-07D140521AB1}.Release|Any CPU.Deploy.0 = Release|Any CPU
		{774E25CB-72EE-4345-A451-07D140521AB1}.Release|iPhone.ActiveCfg = Release|Any CPU
		{774E25CB-72EE-4345-A451-07D140521AB1}.Release|iPhone.Build.0 = Release|Any CPU
		{774E25CB-72EE-4345-A451-07D140521AB1}.Release|iPhone.Deploy.0 = Release|Any CPU
		{774E25CB-72EE-4345-A451-07D140521AB1}.Release|iPhoneSimulator.ActiveCfg = Release|Any CPU
		{774E25CB-72EE-4345-A451-07D140521AB1}.Release|iPhoneSimulator.Build.0 = Release|Any CPU
		{774E25CB-72EE-4345-A451-07D140521AB1}.Release|iPhoneSimulator.Deploy.0 = Release|Any CPU
	EndGlobalSection
	GlobalSection(SolutionProperties) = preSolution
		HideSolutionNode = FALSE
	EndGlobalSection
	GlobalSection(ExtensibilityGlobals) = postSolution
		SolutionGuid = {13A39321-CB1C-4EB4-AD59-9B3D72EA2581}
	EndGlobalSection
EndGlobal
